// !$*UTF8*$!
{
	archiveVersion = 1;
	classes = {
	};
	objectVersion = 50;
	objects = {

/* Begin PBXBuildFile section */
		D30811BF222BF2AB001BDCF7 /* MapScreenViewController.swift in Sources */ = {isa = PBXBuildFile; fileRef = D30811BE222BF2AB001BDCF7 /* MapScreenViewController.swift */; };
		D379D48B222C42C100B73F1C /* StudentInformation.swift in Sources */ = {isa = PBXBuildFile; fileRef = D379D48A222C42C100B73F1C /* StudentInformation.swift */; };
		D379D48D222C9CDB00B73F1C /* StudentsInfoResults.swift in Sources */ = {isa = PBXBuildFile; fileRef = D379D48C222C9CDB00B73F1C /* StudentsInfoResults.swift */; };
		D3C936362225F57A000CA419 /* AppDelegate.swift in Sources */ = {isa = PBXBuildFile; fileRef = D3C936352225F57A000CA419 /* AppDelegate.swift */; };
		D3C936382225F57A000CA419 /* ViewController.swift in Sources */ = {isa = PBXBuildFile; fileRef = D3C936372225F57A000CA419 /* ViewController.swift */; };
		D3C9363B2225F57A000CA419 /* Main.storyboard in Resources */ = {isa = PBXBuildFile; fileRef = D3C936392225F57A000CA419 /* Main.storyboard */; };
		D3C9363D2225F582000CA419 /* Assets.xcassets in Resources */ = {isa = PBXBuildFile; fileRef = D3C9363C2225F582000CA419 /* Assets.xcassets */; };
		D3C936402225F582000CA419 /* LaunchScreen.storyboard in Resources */ = {isa = PBXBuildFile; fileRef = D3C9363E2225F582000CA419 /* LaunchScreen.storyboard */; };
		D3E64C6D22260DE6009F6836 /* TableViewController.swift in Sources */ = {isa = PBXBuildFile; fileRef = D3E64C6C22260DE6009F6836 /* TableViewController.swift */; };
		D3E64C6F22260F87009F6836 /* GeneralTabView.swift in Sources */ = {isa = PBXBuildFile; fileRef = D3E64C6E22260F87009F6836 /* GeneralTabView.swift */; };
/* End PBXBuildFile section */

/* Begin PBXFileReference section */
		D30811BE222BF2AB001BDCF7 /* MapScreenViewController.swift */ = {isa = PBXFileReference; lastKnownFileType = sourcecode.swift; path = MapScreenViewController.swift; sourceTree = "<group>"; };
		D379D48A222C42C100B73F1C /* StudentInformation.swift */ = {isa = PBXFileReference; lastKnownFileType = sourcecode.swift; path = StudentInformation.swift; sourceTree = "<group>"; };
		D379D48C222C9CDB00B73F1C /* StudentsInfoResults.swift */ = {isa = PBXFileReference; lastKnownFileType = sourcecode.swift; path = StudentsInfoResults.swift; sourceTree = "<group>"; };
		D3C936322225F57A000CA419 /* onTheMap.app */ = {isa = PBXFileReference; explicitFileType = wrapper.application; includeInIndex = 0; path = onTheMap.app; sourceTree = BUILT_PRODUCTS_DIR; };
		D3C936352225F57A000CA419 /* AppDelegate.swift */ = {isa = PBXFileReference; lastKnownFileType = sourcecode.swift; path = AppDelegate.swift; sourceTree = "<group>"; };
		D3C936372225F57A000CA419 /* ViewController.swift */ = {isa = PBXFileReference; lastKnownFileType = sourcecode.swift; path = ViewController.swift; sourceTree = "<group>"; };
		D3C9363A2225F57A000CA419 /* Base */ = {isa = PBXFileReference; lastKnownFileType = file.storyboard; name = Base; path = Base.lproj/Main.storyboard; sourceTree = "<group>"; };
		D3C9363C2225F582000CA419 /* Assets.xcassets */ = {isa = PBXFileReference; lastKnownFileType = folder.assetcatalog; path = Assets.xcassets; sourceTree = "<group>"; };
		D3C9363F2225F582000CA419 /* Base */ = {isa = PBXFileReference; lastKnownFileType = file.storyboard; name = Base; path = Base.lproj/LaunchScreen.storyboard; sourceTree = "<group>"; };
		D3C936412225F582000CA419 /* Info.plist */ = {isa = PBXFileReference; lastKnownFileType = text.plist.xml; path = Info.plist; sourceTree = "<group>"; };
		D3E64C6C22260DE6009F6836 /* TableViewController.swift */ = {isa = PBXFileReference; lastKnownFileType = sourcecode.swift; path = TableViewController.swift; sourceTree = "<group>"; };
		D3E64C6E22260F87009F6836 /* GeneralTabView.swift */ = {isa = PBXFileReference; lastKnownFileType = sourcecode.swift; path = GeneralTabView.swift; sourceTree = "<group>"; };
/* End PBXFileReference section */

/* Begin PBXFrameworksBuildPhase section */
		D3C9362F2225F57A000CA419 /* Frameworks */ = {
			isa = PBXFrameworksBuildPhase;
			buildActionMask = 2147483647;
			files = (
			);
			runOnlyForDeploymentPostprocessing = 0;
		};
/* End PBXFrameworksBuildPhase section */

/* Begin PBXGroup section */
		D3C936292225F57A000CA419 = {
			isa = PBXGroup;
			children = (
				D3C936342225F57A000CA419 /* onTheMap */,
				D3C936332225F57A000CA419 /* Products */,
			);
			sourceTree = "<group>";
		};
		D3C936332225F57A000CA419 /* Products */ = {
			isa = PBXGroup;
			children = (
				D3C936322225F57A000CA419 /* onTheMap.app */,
			);
			name = Products;
			sourceTree = "<group>";
		};
		D3C936342225F57A000CA419 /* onTheMap */ = {
			isa = PBXGroup;
			children = (
				D3C936352225F57A000CA419 /* AppDelegate.swift */,
				D3C936372225F57A000CA419 /* ViewController.swift */,
				D3C936392225F57A000CA419 /* Main.storyboard */,
				D3C9363C2225F582000CA419 /* Assets.xcassets */,
				D3C9363E2225F582000CA419 /* LaunchScreen.storyboard */,
				D3C936412225F582000CA419 /* Info.plist */,
				D3E64C6C22260DE6009F6836 /* TableViewController.swift */,
				D3E64C6E22260F87009F6836 /* GeneralTabView.swift */,
				D30811BE222BF2AB001BDCF7 /* MapScreenViewController.swift */,
				D379D48A222C42C100B73F1C /* StudentInformation.swift */,
				D379D48C222C9CDB00B73F1C /* StudentsInfoResults.swift */,
			);
			path = onTheMap;
			sourceTree = "<group>";
		};
/* End PBXGroup section */

/* Begin PBXNativeTarget section */
		D3C936312225F57A000CA419 /* onTheMap */ = {
			isa = PBXNativeTarget;
			buildConfigurationList = D3C936442225F582000CA419 /* Build configuration list for PBXNativeTarget "onTheMap" */;
			buildPhases = (
				D3C9362E2225F57A000CA419 /* Sources */,
				D3C9362F2225F57A000CA419 /* Frameworks */,
				D3C936302225F57A000CA419 /* Resources */,
			);
			buildRules = (
			);
			dependencies = (
			);
			name = onTheMap;
			productName = onTheMap;
			productReference = D3C936322225F57A000CA419 /* onTheMap.app */;
			productType = "com.apple.product-type.application";
		};
/* End PBXNativeTarget section */

/* Begin PBXProject section */
		D3C9362A2225F57A000CA419 /* Project object */ = {
			isa = PBXProject;
			attributes = {
				LastSwiftUpdateCheck = 1010;
				LastUpgradeCheck = 1010;
				ORGANIZATIONNAME = Losavio;
				TargetAttributes = {
					D3C936312225F57A000CA419 = {
						CreatedOnToolsVersion = 10.1;
					};
				};
			};
			buildConfigurationList = D3C9362D2225F57A000CA419 /* Build configuration list for PBXProject "onTheMap" */;
			compatibilityVersion = "Xcode 9.3";
			developmentRegion = en;
			hasScannedForEncodings = 0;
			knownRegions = (
				en,
				Base,
			);
			mainGroup = D3C936292225F57A000CA419;
			productRefGroup = D3C936332225F57A000CA419 /* Products */;
			projectDirPath = "";
			projectRoot = "";
			targets = (
				D3C936312225F57A000CA419 /* onTheMap */,
			);
		};
/* End PBXProject section */

/* Begin PBXResourcesBuildPhase section */
		D3C936302225F57A000CA419 /* Resources */ = {
			isa = PBXResourcesBuildPhase;
			buildActionMask = 2147483647;
			files = (
				D3C936402225F582000CA419 /* LaunchScreen.storyboard in Resources */,
				D3C9363D2225F582000CA419 /* Assets.xcassets in Resources */,
				D3C9363B2225F57A000CA419 /* Main.storyboard in Resources */,
			);
			runOnlyForDeploymentPostprocessing = 0;
		};
/* End PBXResourcesBuildPhase section */

/* Begin PBXSourcesBuildPhase section */
		D3C9362E2225F57A000CA419 /* Sources */ = {
			isa = PBXSourcesBuildPhase;
			buildActionMask = 2147483647;
			files = (
				D3C936382225F57A000CA419 /* ViewController.swift in Sources */,
				D379D48B222C42C100B73F1C /* StudentInformation.swift in Sources */,
				D3E64C6D22260DE6009F6836 /* TableViewController.swift in Sources */,
				D379D48D222C9CDB00B73F1C /* StudentsInfoResults.swift in Sources */,
				D3C936362225F57A000CA419 /* AppDelegate.swift in Sources */,
				D30811BF222BF2AB001BDCF7 /* MapScreenViewController.swift in Sources */,
				D3E64C6F22260F87009F6836 /* GeneralTabView.swift in Sources */,
			);
			runOnlyForDeploymentPostprocessing = 0;
		};
/* End PBXSourcesBuildPhase section */

/* Begin PBXVariantGroup section */
		D3C936392225F57A000CA419 /* Main.storyboard */ = {
			isa = PBXVariantGroup;
			children = (
				D3C9363A2225F57A000CA419 /* Base */,
			);
			name = Main.storyboard;
			sourceTree = "<group>";
		};
		D3C9363E2225F582000CA419 /* LaunchScreen.storyboard */ = {
			isa = PBXVariantGroup;
			children = (
				D3C9363F2225F582000CA419 /* Base */,
			);
			name = LaunchScreen.storyboard;
			sourceTree = "<group>";
		};
/* End PBXVariantGroup section */

/* Begin XCBuildConfiguration section */
		D3C936422225F582000CA419 /* Debug */ = {
			isa = XCBuildConfiguration;
			buildSettings = {
				ALWAYS_SEARCH_USER_PATHS = NO;
				CLANG_ANALYZER_NONNULL = YES;
				CLANG_ANALYZER_NUMBER_OBJECT_CONVERSION = YES_AGGRESSIVE;
				CLANG_CXX_LANGUAGE_STANDARD = "gnu++14";
				CLANG_CXX_LIBRARY = "libc++";
				CLANG_ENABLE_MODULES = YES;
				CLANG_ENABLE_OBJC_ARC = YES;
				CLANG_ENABLE_OBJC_WEAK = YES;
				CLANG_WARN_BLOCK_CAPTURE_AUTORELEASING = YES;
				CLANG_WARN_BOOL_CONVERSION = YES;
				CLANG_WARN_COMMA = YES;
				CLANG_WARN_CONSTANT_CONVERSION = YES;
				CLANG_WARN_DEPRECATED_OBJC_IMPLEMENTATIONS = YES;
				CLANG_WARN_DIRECT_OBJC_ISA_USAGE = YES_ERROR;
				CLANG_WARN_DOCUMENTATION_COMMENTS = YES;
				CLANG_WARN_EMPTY_BODY = YES;
				CLANG_WARN_ENUM_CONVERSION = YES;
				CLANG_WARN_INFINITE_RECURSION = YES;
				CLANG_WARN_INT_CONVERSION = YES;
				CLANG_WARN_NON_LITERAL_NULL_CONVERSION = YES;
				CLANG_WARN_OBJC_IMPLICIT_RETAIN_SELF = YES;
				CLANG_WARN_OBJC_LITERAL_CONVERSION = YES;
				CLANG_WARN_OBJC_ROOT_CLASS = YES_ERROR;
				CLANG_WARN_RANGE_LOOP_ANALYSIS = YES;
				CLANG_WARN_STRICT_PROTOTYPES = YES;
				CLANG_WARN_SUSPICIOUS_MOVE = YES;
				CLANG_WARN_UNGUARDED_AVAILABILITY = YES_AGGRESSIVE;
				CLANG_WARN_UNREACHABLE_CODE = YES;
				CLANG_WARN__DUPLICATE_METHOD_MATCH = YES;
				CODE_SIGN_IDENTITY = "iPhone Developer";
				COPY_PHASE_STRIP = NO;
				DEBUG_INFORMATION_FORMAT = dwarf;
				ENABLE_STRICT_OBJC_MSGSEND = YES;
				ENABLE_TESTABILITY = YES;
				GCC_C_LANGUAGE_STANDARD = gnu11;
				GCC_DYNAMIC_NO_PIC = NO;
				GCC_NO_COMMON_BLOCKS = YES;
				GCC_OPTIMIZATION_LEVEL = 0;
				GCC_PREPROCESSOR_DEFINITIONS = (
					"DEBUG=1",
					"$(inherited)",
				);
				GCC_WARN_64_TO_32_BIT_CONVERSION = YES;
				GCC_WARN_ABOUT_RETURN_TYPE = YES_ERROR;
				GCC_WARN_UNDECLARED_SELECTOR = YES;
				GCC_WARN_UNINITIALIZED_AUTOS = YES_AGGRESSIVE;
				GCC_WARN_UNUSED_FUNCTION = YES;
				GCC_WARN_UNUSED_VARIABLE = YES;
				IPHONEOS_DEPLOYMENT_TARGET = 12.1;
				MTL_ENABLE_DEBUG_INFO = INCLUDE_SOURCE;
				MTL_FAST_MATH = YES;
				ONLY_ACTIVE_ARCH = YES;
				SDKROOT = iphoneos;
				SWIFT_ACTIVE_COMPILATION_CONDITIONS = DEBUG;
				SWIFT_OPTIMIZATION_LEVEL = "-Onone";
			};
			name = Debug;
		};
		D3C936432225F582000CA419 /* Release */ = {
			isa = XCBuildConfiguration;
			buildSettings = {
				ALWAYS_SEARCH_USER_PATHS = NO;
				CLANG_ANALYZER_NONNULL = YES;
				CLANG_ANALYZER_NUMBER_OBJECT_CONVERSION = YES_AGGRESSIVE;
				CLANG_CXX_LANGUAGE_STANDARD = "gnu++14";
				CLANG_CXX_LIBRARY = "libc++";
				CLANG_ENABLE_MODULES = YES;
				CLANG_ENABLE_OBJC_ARC = YES;
				CLANG_ENABLE_OBJC_WEAK = YES;
				CLANG_WARN_BLOCK_CAPTURE_AUTORELEASING = YES;
				CLANG_WARN_BOOL_CONVERSION = YES;
				CLANG_WARN_COMMA = YES;
				CLANG_WARN_CONSTANT_CONVERSION = YES;
				CLANG_WARN_DEPRECATED_OBJC_IMPLEMENTATIONS = YES;
				CLANG_WARN_DIRECT_OBJC_ISA_USAGE = YES_ERROR;
				CLANG_WARN_DOCUMENTATION_COMMENTS = YES;
				CLANG_WARN_EMPTY_BODY = YES;
				CLANG_WARN_ENUM_CONVERSION = YES;
				CLANG_WARN_INFINITE_RECURSION = YES;
				CLANG_WARN_INT_CONVERSION = YES;
				CLANG_WARN_NON_LITERAL_NULL_CONVERSION = YES;
				CLANG_WARN_OBJC_IMPLICIT_RETAIN_SELF = YES;
				CLANG_WARN_OBJC_LITERAL_CONVERSION = YES;
				CLANG_WARN_OBJC_ROOT_CLASS = YES_ERROR;
				CLANG_WARN_RANGE_LOOP_ANALYSIS = YES;
				CLANG_WARN_STRICT_PROTOTYPES = YES;
				CLANG_WARN_SUSPICIOUS_MOVE = YES;
				CLANG_WARN_UNGUARDED_AVAILABILITY = YES_AGGRESSIVE;
				CLANG_WARN_UNREACHABLE_CODE = YES;
				CLANG_WARN__DUPLICATE_METHOD_MATCH = YES;
				CODE_SIGN_IDENTITY = "iPhone Developer";
				COPY_PHASE_STRIP = NO;
				DEBUG_INFORMATION_FORMAT = "dwarf-with-dsym";
				ENABLE_NS_ASSERTIONS = NO;
				ENABLE_STRICT_OBJC_MSGSEND = YES;
				GCC_C_LANGUAGE_STANDARD = gnu11;
				GCC_NO_COMMON_BLOCKS = YES;
				GCC_WARN_64_TO_32_BIT_CONVERSION = YES;
				GCC_WARN_ABOUT_RETURN_TYPE = YES_ERROR;
				GCC_WARN_UNDECLARED_SELECTOR = YES;
				GCC_WARN_UNINITIALIZED_AUTOS = YES_AGGRESSIVE;
				GCC_WARN_UNUSED_FUNCTION = YES;
				GCC_WARN_UNUSED_VARIABLE = YES;
				IPHONEOS_DEPLOYMENT_TARGET = 12.1;
				MTL_ENABLE_DEBUG_INFO = NO;
				MTL_FAST_MATH = YES;
				SDKROOT = iphoneos;
				SWIFT_COMPILATION_MODE = wholemodule;
				SWIFT_OPTIMIZATION_LEVEL = "-O";
				VALIDATE_PRODUCT = YES;
			};
			name = Release;
		};
		D3C936452225F582000CA419 /* Debug */ = {
			isa = XCBuildConfiguration;
			buildSettings = {
				ASSETCATALOG_COMPILER_APPICON_NAME = AppIcon;
				CODE_SIGN_STYLE = Automatic;
				DEVELOPMENT_TEAM = 82DRQAPC23;
				INFOPLIST_FILE = onTheMap/Info.plist;
				LD_RUNPATH_SEARCH_PATHS = (
					"$(inherited)",
					"@executable_path/Frameworks",
				);
				PRODUCT_BUNDLE_IDENTIFIER = com.losavio.onTheMap;
				PRODUCT_NAME = "$(TARGET_NAME)";
				SWIFT_VERSION = 4.2;
				TARGETED_DEVICE_FAMILY = "1,2";
			};
			name = Debug;
		};
		D3C936462225F582000CA419 /* Release */ = {
			isa = XCBuildConfiguration;
			buildSettings = {
				ASSETCATALOG_COMPILER_APPICON_NAME = AppIcon;
				CODE_SIGN_STYLE = Automatic;
				DEVELOPMENT_TEAM = 82DRQAPC23;
				INFOPLIST_FILE = onTheMap/Info.plist;
				LD_RUNPATH_SEARCH_PATHS = (
					"$(inherited)",
					"@executable_path/Frameworks",
				);
				PRODUCT_BUNDLE_IDENTIFIER = com.losavio.onTheMap;
				PRODUCT_NAME = "$(TARGET_NAME)";
				SWIFT_VERSION = 4.2;
				TARGETED_DEVICE_FAMILY = "1,2";
			};
			name = Release;
		};
/* End XCBuildConfiguration section */

/* Begin XCConfigurationList section */
		D3C9362D2225F57A000CA419 /* Build configuration list for PBXProject "onTheMap" */ = {
			isa = XCConfigurationList;
			buildConfigurations = (
				D3C936422225F582000CA419 /* Debug */,
				D3C936432225F582000CA419 /* Release */,
			);
			defaultConfigurationIsVisible = 0;
			defaultConfigurationName = Release;
		};
		D3C936442225F582000CA419 /* Build configuration list for PBXNativeTarget "onTheMap" */ = {
			isa = XCConfigurationList;
			buildConfigurations = (
				D3C936452225F582000CA419 /* Debug */,
				D3C936462225F582000CA419 /* Release */,
			);
			defaultConfigurationIsVisible = 0;
			defaultConfigurationName = Release;
		};
/* End XCConfigurationList section */
	};
	rootObject = D3C9362A2225F57A000CA419 /* Project object */;
}
